
Microsoft Visual Studio Solution File, Format Version 12.00
# Visual Studio Version 17
VisualStudioVersion = 17.7.34031.279
MinimumVisualStudioVersion = 10.0.40219.1
Project("{FAE04EC0-301F-11D3-BF4B-00C04F79EFBC}") = "SimplexMethod", "SimplexMethod\SimplexMethod.csproj", "{A74B2DC7-6752-48D4-BF11-C92611222133}"
EndProject
Global
	GlobalSection(SolutionConfigurationPlatforms) = preSolution
		Debug|Any CPU = Debug|Any CPU
		Release|Any CPU = Release|Any CPU
	EndGlobalSection
	GlobalSection(ProjectConfigurationPlatforms) = postSolution
		{A74B2DC7-6752-48D4-BF11-C92611222133}.Debug|Any CPU.ActiveCfg = Debug|Any CPU
		{A74B2DC7-6752-48D4-BF11-C92611222133}.Debug|Any CPU.Build.0 = Debug|Any CPU
		{A74B2DC7-6752-48D4-BF11-C92611222133}.Release|Any CPU.ActiveCfg = Release|Any CPU
		{A74B2DC7-6752-48D4-BF11-C92611222133}.Release|Any CPU.Build.0 = Release|Any CPU
	EndGlobalSection
	GlobalSection(SolutionProperties) = preSolution
		HideSolutionNode = FALSE
	EndGlobalSection
	GlobalSection(ExtensibilityGlobals) = postSolution
		SolutionGuid = {22F4AB24-C306-4C36-AB8E-BA2F80BE0E97}
	EndGlobalSection
EndGlobal
